<?xml version="1.0" encoding="utf-8"?>
<Project ToolsVersion="4.0" xmlns="http://schemas.microsoft.com/developer/msbuild/2003">
  <ItemGroup>
    <Filter Include="Source Files">
      <UniqueIdentifier>{a89d1e27-1015-4eef-90df-35f721d64488}</UniqueIdentifier>
      <Extensions>cpp;c;cxx;rc;def;r;odl;idl;hpj;bat</Extensions>
    </Filter>
    <Filter Include="Header Files">
      <UniqueIdentifier>{01e20ee8-345d-4fe8-b37d-cb9a13e446c9}</UniqueIdentifier>
      <Extensions>h;hpp;hxx;hm;inl</Extensions>
    </Filter>
    <Filter Include="Interface Files">
      <UniqueIdentifier>{93a3a088-e8ed-4411-9f5e-faaff58d9284}</UniqueIdentifier>
      <Extensions>cpp</Extensions>
    </Filter>
    <Filter Include="Interface Header Files">
      <UniqueIdentifier>{1aa37f8d-ccd4-4438-93f8-d118f8c3fc38}</UniqueIdentifier>
      <Extensions>h</Extensions>
    </Filter>
    <Filter Include="Resource Files">
      <UniqueIdentifier>{4c492a8f-ebf7-4fb4-b8c1-107caaa6842f}</UniqueIdentifier>
      <Extensions>ico;cur;bmp;dlg;rc2;rct;bin;cnt;rtf;gif;jpg;jpeg;jpe</Extensions>
    </Filter>
    <Filter Include="Security">
      <UniqueIdentifier>{a201263e-fba1-4220-9349-1583a3e58eec}</UniqueIdentifier>
    </Filter>
  </ItemGroup>
  <ItemGroup>
    <ClCompile Include="cconnect.cpp">
      <Filter>Source Files</Filter>
    </ClCompile>
    <ClCompile Include="cdatasource.cpp">
      <Filter>Source Files</Filter>
    </ClCompile>
    <ClCompile Include="cdesc.cpp">
      <Filter>Source Files</Filter>
    </ClCompile>
    <ClCompile Include="cdiag.cpp">
      <Filter>Source Files</Filter>
    </ClCompile>
    <ClCompile Include="cenv.cpp">
      <Filter>Source Files</Filter>
    </ClCompile>
    <ClCompile Include="chandle.cpp">
      <Filter>Source Files</Filter>
    </ClCompile>
    <ClCompile Include="charsetconv.cpp">
      <Filter>Source Files</Filter>
    </ClCompile>
    <ClCompile Include="cstmt.cpp">
      <Filter>Source Files</Filter>
    </ClCompile>
    <ClCompile Include="ctosqlconv.cpp">
      <Filter>Source Files</Filter>
    </ClCompile>
    <ClCompile Include="diagfunctions.cpp">
      <Filter>Source Files</Filter>
    </ClCompile>
    <ClCompile Include="drvrglobal.cpp">
      <Filter>Source Files</Filter>
    </ClCompile>
    <ClCompile Include="drvrnet.cpp">
      <Filter>Source Files</Filter>
    </ClCompile>
    <ClCompile Include="..\..\Common\ExpConvMxcs.cpp">
      <Filter>Source Files</Filter>
    </ClCompile>
    <ClCompile Include="netcommon.cpp">
      <Filter>Source Files</Filter>
    </ClCompile>
    <ClCompile Include="netconnect.cpp">
      <Filter>Source Files</Filter>
    </ClCompile>
    <ClCompile Include="netstmt.cpp">
      <Filter>Source Files</Filter>
    </ClCompile>
    <ClCompile Include="..\..\Common\NLSFunctions.cpp">
      <Filter>Source Files</Filter>
    </ClCompile>
    <ClCompile Include="..\..\Common\nskieee.cpp">
      <Filter>Source Files</Filter>
    </ClCompile>
    <ClCompile Include="..\..\Common\OdbcMsg.cpp">
      <Filter>Source Files</Filter>
    </ClCompile>
    <ClCompile Include="..\..\Common\ping.cpp">
      <Filter>Source Files</Filter>
    </ClCompile>
    <ClCompile Include="sqlconnect.cpp">
      <Filter>Source Files</Filter>
    </ClCompile>
    <ClCompile Include="sqldesc.cpp">
      <Filter>Source Files</Filter>
    </ClCompile>
    <ClCompile Include="sqlenv.cpp">
      <Filter>Source Files</Filter>
    </ClCompile>
    <ClCompile Include="sqlexportfunc.cpp">
      <Filter>Source Files</Filter>
    </ClCompile>
    <ClCompile Include="sqlhandle.cpp">
      <Filter>Source Files</Filter>
    </ClCompile>
    <ClCompile Include="sqlstmt.cpp">
      <Filter>Source Files</Filter>
    </ClCompile>
    <ClCompile Include="sqltocconv.cpp">
      <Filter>Source Files</Filter>
    </ClCompile>
    <ClCompile Include="..\..\Common\marshaling.cpp">
      <Filter>Interface Files</Filter>
    </ClCompile>
    <ClCompile Include="..\..\Common\marshalingdrvr_drvr.cpp">
      <Filter>Interface Files</Filter>
    </ClCompile>
    <ClCompile Include="Interface\odbcas_drvr.cpp">
      <Filter>Interface Files</Filter>
    </ClCompile>
    <ClCompile Include="Interface\odbcs_drvr.cpp">
      <Filter>Interface Files</Filter>
    </ClCompile>
    <ClCompile Include="..\..\Common\swap.cpp">
      <Filter>Interface Files</Filter>
    </ClCompile>
    <ClCompile Include="..\..\Common\TCPIPSystemDrvr.cpp">
      <Filter>Interface Files</Filter>
    </ClCompile>
    <ClCompile Include="Interface\Transport.cpp">
      <Filter>Interface Files</Filter>
    </ClCompile>
    <ClCompile Include="..\..\Common\TransportBase.cpp">
      <Filter>Interface Files</Filter>
    </ClCompile>
    <ClCompile Include="version_drvr.cpp">
      <Filter>Source Files</Filter>
    </ClCompile>
    <ClCompile Include="..\..\security_dll\native\source\Cipher.cpp">
      <Filter>Security</Filter>
    </ClCompile>
    <ClCompile Include="..\..\security_dll\native\source\Key.cpp">
      <Filter>Security</Filter>
    </ClCompile>
    <ClCompile Include="..\..\security_dll\native\source\MessageDigest.cpp">
      <Filter>Security</Filter>
    </ClCompile>
    <ClCompile Include="..\..\security_dll\native\source\secpwd.cpp">
      <Filter>Security</Filter>
    </ClCompile>
    <ClCompile Include="..\..\security_dll\native\source\securityException.cpp">
      <Filter>Security</Filter>
    </ClCompile>
    <ClCompile Include="..\..\security_dll\native\source\StaticLocking.cpp">
      <Filter>Security</Filter>
    </ClCompile>
    <ClCompile Include="..\..\security_dll\native\source\utils.cpp">
      <Filter>Security</Filter>
    </ClCompile>
    <ClCompile Include="..\..\security_dll\native\source\version.cpp">
      <Filter>Security</Filter>
    </ClCompile>
    <ClCompile Include="..\..\security_dll\native\source\Security.cpp">
      <Filter>Security</Filter>
    </ClCompile>
    <ClCompile Include="..\..\Common\Compression.cpp">
      <Filter>Interface Files</Filter>
    </ClCompile>
    <ClCompile Include="lob.cpp">
      <Filter>Source Files</Filter>
    </ClCompile>
  </ItemGroup>
  <ItemGroup>
    <ResourceCompile Include="drvr35.rc">
      <Filter>Source Files</Filter>
    </ResourceCompile>
  </ItemGroup>
  <ItemGroup>
    <ClInclude Include="cconnect.h">
      <Filter>Header Files</Filter>
    </ClInclude>
    <ClInclude Include="cdatasource.h">
      <Filter>Header Files</Filter>
    </ClInclude>
    <ClInclude Include="cdesc.h">
      <Filter>Header Files</Filter>
    </ClInclude>
    <ClInclude Include="cdiag.h">
      <Filter>Header Files</Filter>
    </ClInclude>
    <ClInclude Include="cenv.h">
      <Filter>Header Files</Filter>
    </ClInclude>
    <ClInclude Include="chandle.h">
      <Filter>Header Files</Filter>
    </ClInclude>
    <ClInclude Include="charsetconv.h">
      <Filter>Header Files</Filter>
    </ClInclude>
    <ClInclude Include="cstmt.h">
      <Filter>Header Files</Filter>
    </ClInclude>
    <ClInclude Include="ctosqlconv.h">
      <Filter>Header Files</Filter>
    </ClInclude>
    <ClInclude Include="diagfunctions.h">
      <Filter>Header Files</Filter>
    </ClInclude>
    <ClInclude Include="drvrglobal.h">
      <Filter>Header Files</Filter>
    </ClInclude>
    <ClInclude Include="drvrnet.h">
      <Filter>Header Files</Filter>
    </ClInclude>
    <ClInclude Include="..\..\Common\DrvrSrvr.h">
      <Filter>Header Files</Filter>
    </ClInclude>
    <ClInclude Include="..\..\Common\OdbcMsg.h">
      <Filter>Header Files</Filter>
    </ClInclude>
    <ClInclude Include="resource.h">
      <Filter>Header Files</Filter>
    </ClInclude>
    <ClInclude Include="sqlconnect.h">
      <Filter>Header Files</Filter>
    </ClInclude>
    <ClInclude Include="sqldesc.h">
      <Filter>Header Files</Filter>
    </ClInclude>
    <ClInclude Include="sqlenv.h">
      <Filter>Header Files</Filter>
    </ClInclude>
    <ClInclude Include="sqlhandle.h">
      <Filter>Header Files</Filter>
    </ClInclude>
    <ClInclude Include="sqlstmt.h">
      <Filter>Header Files</Filter>
    </ClInclude>
    <ClInclude Include="sqltocconv.h">
      <Filter>Header Files</Filter>
    </ClInclude>
    <ClInclude Include="sqltrace.h">
      <Filter>Header Files</Filter>
    </ClInclude>
    <ClInclude Include="..\..\Common\inoutparams.h">
      <Filter>Interface Header Files</Filter>
    </ClInclude>
    <ClInclude Include="..\..\Common\marshaling.h">
      <Filter>Interface Header Files</Filter>
    </ClInclude>
    <ClInclude Include="..\..\Common\marshalingdrvr_drvr.h">
      <Filter>Interface Header Files</Filter>
    </ClInclude>
    <ClInclude Include="Interface\odbcas_drvr.h">
      <Filter>Interface Header Files</Filter>
    </ClInclude>
    <ClInclude Include="Interface\odbcs_drvr.h">
      <Filter>Interface Header Files</Filter>
    </ClInclude>
    <ClInclude Include="..\..\Common\swap.h">
      <Filter>Interface Header Files</Filter>
    </ClInclude>
    <ClInclude Include="..\..\Common\TCPIPSystemDrvr.h">
      <Filter>Interface Header Files</Filter>
    </ClInclude>
    <ClInclude Include="Interface\Transport.h">
      <Filter>Interface Header Files</Filter>
    </ClInclude>
    <ClInclude Include="..\..\Common\TransportBase.h">
      <Filter>Interface Header Files</Filter>
    </ClInclude>
    <ClInclude Include="..\..\security_dll\native\header\Cipher.h">
      <Filter>Security</Filter>
    </ClInclude>
    <ClInclude Include="..\..\security_dll\native\common\clientErrCode.h">
      <Filter>Security</Filter>
    </ClInclude>
    <ClInclude Include="..\..\security_dll\native\header\Key.h">
      <Filter>Security</Filter>
    </ClInclude>
    <ClInclude Include="..\..\security_dll\native\header\MessageDigest.h">
      <Filter>Security</Filter>
    </ClInclude>
    <ClInclude Include="..\..\security_dll\native\common\secdefsCommon.h">
      <Filter>Security</Filter>
    </ClInclude>
    <ClInclude Include="..\..\security_dll\native\header\secpwd.h">
      <Filter>Security</Filter>
    </ClInclude>
    <ClInclude Include="..\..\security_dll\native\header\securityException.h">
      <Filter>Security</Filter>
    </ClInclude>
    <ClInclude Include="..\..\security_dll\native\header\StaticLocking.h">
      <Filter>Security</Filter>
    </ClInclude>
    <ClInclude Include="..\..\security_dll\native\common\timeval.h">
      <Filter>Security</Filter>
    </ClInclude>
    <ClInclude Include="..\..\security_dll\native\common\utils.h">
      <Filter>Security</Filter>
    </ClInclude>
    <ClInclude Include="..\..\security_dll\native\header\security.h">
      <Filter>Security</Filter>
    </ClInclude>
    <ClInclude Include="..\..\Common\Compression.h">
      <Filter>Interface Header Files</Filter>
    </ClInclude>
    <ClInclude Include="lob.h">
      <Filter>Header Files</Filter>
    </ClInclude>
  </ItemGroup>
  <ItemGroup>
    <CustomBuildStep Include="drvr35.def">
      <Filter>Source Files</Filter>
    </CustomBuildStep>
  </ItemGroup>
</Project>