<?xml version="1.0" encoding="utf-8"?>
<Project ToolsVersion="4.0" xmlns="http://schemas.microsoft.com/developer/msbuild/2003">
  <ItemGroup>
    <Filter Include="Source Files">
      <UniqueIdentifier>{c470e8f8-d077-4de0-b6f7-f597919d2b5b}</UniqueIdentifier>
      <Extensions>cpp;c;cxx;rc;def;r;odl;idl;hpj;bat</Extensions>
    </Filter>
    <Filter Include="Header Files">
      <UniqueIdentifier>{e7d2e30e-a825-4afa-8d55-d110a4c9a993}</UniqueIdentifier>
      <Extensions>h;hpp;hxx;hm;inl</Extensions>
    </Filter>
    <Filter Include="CharSet Files">
      <UniqueIdentifier>{1e36915b-7009-485c-a272-fe78200a0eb5}</UniqueIdentifier>
    </Filter>
    <Filter Include="Resource Files">
      <UniqueIdentifier>{908e77e8-3ece-4baa-a9fa-85afe3618b59}</UniqueIdentifier>
      <Extensions>ico;cur;bmp;dlg;rc2;rct;bin;rgs;gif;jpg;jpeg;jpe</Extensions>
    </Filter>
  </ItemGroup>
  <ItemGroup>
    <ClCompile Include="StdAfx.cpp">
      <Filter>Source Files</Filter>
    </ClCompile>
    <ClCompile Include="TranslationDll.cpp">
      <Filter>Source Files</Filter>
    </ClCompile>
    <ClCompile Include="..\..\..\..\..\..\sql\common\from_eucJP.c">
      <Filter>CharSet Files</Filter>
    </ClCompile>
    <ClCompile Include="..\..\..\..\..\..\sql\common\from_GB18030.c">
      <Filter>CharSet Files</Filter>
    </ClCompile>
    <ClCompile Include="..\..\..\..\..\..\sql\common\from_GB2312.c">
      <Filter>CharSet Files</Filter>
    </ClCompile>
    <ClCompile Include="..\..\..\..\..\..\sql\common\from_ksc5601.c">
      <Filter>CharSet Files</Filter>
    </ClCompile>
    <ClCompile Include="..\..\..\..\..\..\sql\common\from_SJIS.c">
      <Filter>CharSet Files</Filter>
    </ClCompile>
    <ClCompile Include="..\..\..\..\..\..\sql\common\gb18030_data.c">
      <Filter>CharSet Files</Filter>
    </ClCompile>
    <ClCompile Include="..\..\..\..\..\..\sql\common\hkscs_data.c">
      <Filter>CharSet Files</Filter>
    </ClCompile>
    <ClCompile Include="..\..\..\..\..\..\sql\common\iconv_gen.c">
      <Filter>CharSet Files</Filter>
    </ClCompile>
    <ClCompile Include="..\..\..\..\..\..\sql\common\mb_iconv.c">
      <Filter>CharSet Files</Filter>
    </ClCompile>
    <ClCompile Include="..\..\..\..\..\..\sql\common\mb_lconv.c">
      <Filter>CharSet Files</Filter>
    </ClCompile>
    <ClCompile Include="..\..\..\..\..\..\sql\common\UCS_jp_data.c">
      <Filter>CharSet Files</Filter>
    </ClCompile>
    <ClCompile Include="..\..\..\..\..\..\sql\common\UCS_ko_data.c">
      <Filter>CharSet Files</Filter>
    </ClCompile>
    <ClCompile Include="..\..\..\..\..\..\sql\common\UCS_zb_data.c">
      <Filter>CharSet Files</Filter>
    </ClCompile>
    <ClCompile Include="..\..\..\..\..\..\sql\common\UCS_zs_data.c">
      <Filter>CharSet Files</Filter>
    </ClCompile>
  </ItemGroup>
  <ItemGroup>
    <None Include="TranslationDll.def">
      <Filter>Source Files</Filter>
    </None>
    <None Include="ReadMe.txt" />
  </ItemGroup>
  <ItemGroup>
    <ResourceCompile Include="TranslationDll.rc">
      <Filter>Source Files</Filter>
    </ResourceCompile>
  </ItemGroup>
  <ItemGroup>
    <ClInclude Include="StdAfx.h">
      <Filter>Header Files</Filter>
    </ClInclude>
    <ClInclude Include="TranslationDll.h">
      <Filter>Header Files</Filter>
    </ClInclude>
    <ClInclude Include="resource.h">
      <Filter>Header Files</Filter>
    </ClInclude>
  </ItemGroup>
  <ItemGroup>
    <CustomBuildStep Include="..\..\..\..\..\..\sql\common\csconvert.h">
      <Filter>CharSet Files</Filter>
    </CustomBuildStep>
    <CustomBuildStep Include="..\..\..\..\..\..\sql\common\fcconv.h">
      <Filter>CharSet Files</Filter>
    </CustomBuildStep>
    <CustomBuildStep Include="..\..\..\..\..\..\sql\common\multi-byte.h">
      <Filter>CharSet Files</Filter>
    </CustomBuildStep>
  </ItemGroup>
</Project>