
Microsoft Visual Studio Solution File, Format Version 12.00
# Visual Studio 2013
VisualStudioVersion = 12.0.40629
MinimumVisualStudioVersion = 12.0.40629
Project("{8BC9CEB8-8B4A-11D0-8D11-00A0C91BC942}") = "drvr35_os", "drvr35\drvr35_os.vcxproj", "{4B7C62D7-1C63-4319-9818-98BFBB322CED}"
	ProjectSection(ProjectDependencies) = postProject
		{B83DDF3C-8D5C-45AB-868B-4B70BB258647} = {B83DDF3C-8D5C-45AB-868B-4B70BB258647}
	EndProjectSection
EndProject
Project("{8BC9CEB8-8B4A-11D0-8D11-00A0C91BC942}") = "Drvr35Adm_os", "drvr35adm\Drvr35Adm_os.vcxproj", "{38202379-9F93-46CB-90CF-5CA40FF4D20D}"
	ProjectSection(ProjectDependencies) = postProject
		{B83DDF3C-8D5C-45AB-868B-4B70BB258647} = {B83DDF3C-8D5C-45AB-868B-4B70BB258647}
	EndProjectSection
EndProject
Project("{8BC9CEB8-8B4A-11D0-8D11-00A0C91BC942}") = "Drvr35Msg_os", "drvr35msg\Drvr35Msg_os.vcxproj", "{B83DDF3C-8D5C-45AB-868B-4B70BB258647}"
EndProject
Project("{8BC9CEB8-8B4A-11D0-8D11-00A0C91BC942}") = "Drvr35Res_os", "Drvr35Res\Drvr35Res_os.vcxproj", "{94A32EC1-7A1A-40A6-9C12-1FDB7D4B0F8F}"
EndProject
Project("{8BC9CEB8-8B4A-11D0-8D11-00A0C91BC942}") = "TCPIPV4_os", "drvr35\TCPIPV4\TCPIPV4_os.vcxproj", "{48E698EA-784C-4838-B37A-2D19791257AD}"
EndProject
Project("{8BC9CEB8-8B4A-11D0-8D11-00A0C91BC942}") = "TranslationDll_os", "TranslationDll\TranslationDll_os.vcxproj", "{27BC11EE-55F5-4FC8-AADE-C8EB71BFED3B}"
EndProject
Project("{8BC9CEB8-8B4A-11D0-8D11-00A0C91BC942}") = "TCPIPV6_os", "drvr35\TCPIPV6\TCPIPV6_os.vcxproj", "{1B37AEE5-7E3E-46C8-AA71-85CDED07183B}"
EndProject
Project("{8BC9CEB8-8B4A-11D0-8D11-00A0C91BC942}") = "SetCertificateDirReg_os", "..\Install\SetCertificateDirReg\SetCertificateDirReg\SetCertificateDirReg_os.vcxproj", "{11B34636-6E3D-40ED-BA02-FD50B258D18D}"
EndProject
Global
	GlobalSection(SolutionConfigurationPlatforms) = preSolution
		Debug|Win32 = Debug|Win32
		Debug|x64 = Debug|x64
		Release|Win32 = Release|Win32
		Release|x64 = Release|x64
		Template|Win32 = Template|Win32
		Template|x64 = Template|x64
	EndGlobalSection
	GlobalSection(ProjectConfigurationPlatforms) = postSolution
		{4B7C62D7-1C63-4319-9818-98BFBB322CED}.Debug|Win32.ActiveCfg = Debug|Win32
		{4B7C62D7-1C63-4319-9818-98BFBB322CED}.Debug|Win32.Build.0 = Debug|Win32
		{4B7C62D7-1C63-4319-9818-98BFBB322CED}.Debug|x64.ActiveCfg = Debug|x64
		{4B7C62D7-1C63-4319-9818-98BFBB322CED}.Debug|x64.Build.0 = Debug|x64
		{4B7C62D7-1C63-4319-9818-98BFBB322CED}.Release|Win32.ActiveCfg = Release|Win32
		{4B7C62D7-1C63-4319-9818-98BFBB322CED}.Release|Win32.Build.0 = Release|Win32
		{4B7C62D7-1C63-4319-9818-98BFBB322CED}.Release|x64.ActiveCfg = Release|x64
		{4B7C62D7-1C63-4319-9818-98BFBB322CED}.Release|x64.Build.0 = Release|x64
		{4B7C62D7-1C63-4319-9818-98BFBB322CED}.Template|Win32.ActiveCfg = Release|x64
		{4B7C62D7-1C63-4319-9818-98BFBB322CED}.Template|x64.ActiveCfg = Release|x64
		{4B7C62D7-1C63-4319-9818-98BFBB322CED}.Template|x64.Build.0 = Release|x64
		{38202379-9F93-46CB-90CF-5CA40FF4D20D}.Debug|Win32.ActiveCfg = Debug|Win32
		{38202379-9F93-46CB-90CF-5CA40FF4D20D}.Debug|x64.ActiveCfg = Debug|x64
		{38202379-9F93-46CB-90CF-5CA40FF4D20D}.Debug|x64.Build.0 = Debug|x64
		{38202379-9F93-46CB-90CF-5CA40FF4D20D}.Release|Win32.ActiveCfg = Release|Win32
		{38202379-9F93-46CB-90CF-5CA40FF4D20D}.Release|Win32.Build.0 = Release|Win32
		{38202379-9F93-46CB-90CF-5CA40FF4D20D}.Release|x64.ActiveCfg = Release|x64
		{38202379-9F93-46CB-90CF-5CA40FF4D20D}.Release|x64.Build.0 = Release|x64
		{38202379-9F93-46CB-90CF-5CA40FF4D20D}.Template|Win32.ActiveCfg = Template|x64
		{38202379-9F93-46CB-90CF-5CA40FF4D20D}.Template|x64.ActiveCfg = Template|x64
		{38202379-9F93-46CB-90CF-5CA40FF4D20D}.Template|x64.Build.0 = Template|x64
		{B83DDF3C-8D5C-45AB-868B-4B70BB258647}.Debug|Win32.ActiveCfg = Debug|Win32
		{B83DDF3C-8D5C-45AB-868B-4B70BB258647}.Debug|x64.ActiveCfg = Debug|x64
		{B83DDF3C-8D5C-45AB-868B-4B70BB258647}.Debug|x64.Build.0 = Debug|x64
		{B83DDF3C-8D5C-45AB-868B-4B70BB258647}.Release|Win32.ActiveCfg = Release|Win32
		{B83DDF3C-8D5C-45AB-868B-4B70BB258647}.Release|Win32.Build.0 = Release|Win32
		{B83DDF3C-8D5C-45AB-868B-4B70BB258647}.Release|x64.ActiveCfg = Release|x64
		{B83DDF3C-8D5C-45AB-868B-4B70BB258647}.Release|x64.Build.0 = Release|x64
		{B83DDF3C-8D5C-45AB-868B-4B70BB258647}.Template|Win32.ActiveCfg = Release|x64
		{B83DDF3C-8D5C-45AB-868B-4B70BB258647}.Template|x64.ActiveCfg = Release|x64
		{B83DDF3C-8D5C-45AB-868B-4B70BB258647}.Template|x64.Build.0 = Release|x64
		{94A32EC1-7A1A-40A6-9C12-1FDB7D4B0F8F}.Debug|Win32.ActiveCfg = Debug|Win32
		{94A32EC1-7A1A-40A6-9C12-1FDB7D4B0F8F}.Debug|x64.ActiveCfg = Debug|x64
		{94A32EC1-7A1A-40A6-9C12-1FDB7D4B0F8F}.Debug|x64.Build.0 = Debug|x64
		{94A32EC1-7A1A-40A6-9C12-1FDB7D4B0F8F}.Release|Win32.ActiveCfg = Release|Win32
		{94A32EC1-7A1A-40A6-9C12-1FDB7D4B0F8F}.Release|Win32.Build.0 = Release|Win32
		{94A32EC1-7A1A-40A6-9C12-1FDB7D4B0F8F}.Release|x64.ActiveCfg = Release|x64
		{94A32EC1-7A1A-40A6-9C12-1FDB7D4B0F8F}.Release|x64.Build.0 = Release|x64
		{94A32EC1-7A1A-40A6-9C12-1FDB7D4B0F8F}.Template|Win32.ActiveCfg = Release|x64
		{94A32EC1-7A1A-40A6-9C12-1FDB7D4B0F8F}.Template|x64.ActiveCfg = Release|x64
		{94A32EC1-7A1A-40A6-9C12-1FDB7D4B0F8F}.Template|x64.Build.0 = Release|x64
		{48E698EA-784C-4838-B37A-2D19791257AD}.Debug|Win32.ActiveCfg = Debug|Win32
		{48E698EA-784C-4838-B37A-2D19791257AD}.Debug|x64.ActiveCfg = Debug|x64
		{48E698EA-784C-4838-B37A-2D19791257AD}.Debug|x64.Build.0 = Debug|x64
		{48E698EA-784C-4838-B37A-2D19791257AD}.Release|Win32.ActiveCfg = Release|Win32
		{48E698EA-784C-4838-B37A-2D19791257AD}.Release|Win32.Build.0 = Release|Win32
		{48E698EA-784C-4838-B37A-2D19791257AD}.Release|x64.ActiveCfg = Release|x64
		{48E698EA-784C-4838-B37A-2D19791257AD}.Release|x64.Build.0 = Release|x64
		{48E698EA-784C-4838-B37A-2D19791257AD}.Template|Win32.ActiveCfg = Release|x64
		{48E698EA-784C-4838-B37A-2D19791257AD}.Template|x64.ActiveCfg = Release|x64
		{48E698EA-784C-4838-B37A-2D19791257AD}.Template|x64.Build.0 = Release|x64
		{27BC11EE-55F5-4FC8-AADE-C8EB71BFED3B}.Debug|Win32.ActiveCfg = Debug|Win32
		{27BC11EE-55F5-4FC8-AADE-C8EB71BFED3B}.Debug|x64.ActiveCfg = Debug|x64
		{27BC11EE-55F5-4FC8-AADE-C8EB71BFED3B}.Debug|x64.Build.0 = Debug|x64
		{27BC11EE-55F5-4FC8-AADE-C8EB71BFED3B}.Release|Win32.ActiveCfg = Release|Win32
		{27BC11EE-55F5-4FC8-AADE-C8EB71BFED3B}.Release|Win32.Build.0 = Release|Win32
		{27BC11EE-55F5-4FC8-AADE-C8EB71BFED3B}.Release|x64.ActiveCfg = Release|x64
		{27BC11EE-55F5-4FC8-AADE-C8EB71BFED3B}.Release|x64.Build.0 = Release|x64
		{27BC11EE-55F5-4FC8-AADE-C8EB71BFED3B}.Template|Win32.ActiveCfg = Release|x64
		{27BC11EE-55F5-4FC8-AADE-C8EB71BFED3B}.Template|x64.ActiveCfg = Release|x64
		{27BC11EE-55F5-4FC8-AADE-C8EB71BFED3B}.Template|x64.Build.0 = Release|x64
		{1B37AEE5-7E3E-46C8-AA71-85CDED07183B}.Debug|Win32.ActiveCfg = Debug|Win32
		{1B37AEE5-7E3E-46C8-AA71-85CDED07183B}.Debug|x64.ActiveCfg = Debug|x64
		{1B37AEE5-7E3E-46C8-AA71-85CDED07183B}.Debug|x64.Build.0 = Debug|x64
		{1B37AEE5-7E3E-46C8-AA71-85CDED07183B}.Release|Win32.ActiveCfg = Release|Win32
		{1B37AEE5-7E3E-46C8-AA71-85CDED07183B}.Release|Win32.Build.0 = Release|Win32
		{1B37AEE5-7E3E-46C8-AA71-85CDED07183B}.Release|x64.ActiveCfg = Release|x64
		{1B37AEE5-7E3E-46C8-AA71-85CDED07183B}.Release|x64.Build.0 = Release|x64
		{1B37AEE5-7E3E-46C8-AA71-85CDED07183B}.Template|Win32.ActiveCfg = Release|x64
		{1B37AEE5-7E3E-46C8-AA71-85CDED07183B}.Template|x64.ActiveCfg = Release|x64
		{1B37AEE5-7E3E-46C8-AA71-85CDED07183B}.Template|x64.Build.0 = Release|x64
		{11B34636-6E3D-40ED-BA02-FD50B258D18D}.Debug|Win32.ActiveCfg = Debug|Win32
		{11B34636-6E3D-40ED-BA02-FD50B258D18D}.Debug|Win32.Build.0 = Debug|Win32
		{11B34636-6E3D-40ED-BA02-FD50B258D18D}.Debug|x64.ActiveCfg = Debug|x64
		{11B34636-6E3D-40ED-BA02-FD50B258D18D}.Debug|x64.Build.0 = Debug|x64
		{11B34636-6E3D-40ED-BA02-FD50B258D18D}.Release|Win32.ActiveCfg = Release|Win32
		{11B34636-6E3D-40ED-BA02-FD50B258D18D}.Release|Win32.Build.0 = Release|Win32
		{11B34636-6E3D-40ED-BA02-FD50B258D18D}.Release|x64.ActiveCfg = Release|x64
		{11B34636-6E3D-40ED-BA02-FD50B258D18D}.Release|x64.Build.0 = Release|x64
		{11B34636-6E3D-40ED-BA02-FD50B258D18D}.Template|Win32.ActiveCfg = Template|Win32
		{11B34636-6E3D-40ED-BA02-FD50B258D18D}.Template|Win32.Build.0 = Template|Win32
		{11B34636-6E3D-40ED-BA02-FD50B258D18D}.Template|x64.ActiveCfg = Template|x64
		{11B34636-6E3D-40ED-BA02-FD50B258D18D}.Template|x64.Build.0 = Template|x64
	EndGlobalSection
	GlobalSection(SolutionProperties) = preSolution
		HideSolutionNode = FALSE
	EndGlobalSection
EndGlobal
