<?xml version="1.0" encoding="utf-8"?>
<Project ToolsVersion="4.0" xmlns="http://schemas.microsoft.com/developer/msbuild/2003">
  <ItemGroup>
    <Filter Include="Source Files">
      <UniqueIdentifier>{44037ff1-3c1b-47fe-9455-245a2985347f}</UniqueIdentifier>
      <Extensions>cpp;c;cxx;rc;def;r;odl;idl;hpj;bat</Extensions>
    </Filter>
    <Filter Include="Header Files">
      <UniqueIdentifier>{cff25b9d-134c-4b4b-b120-3ad3116332a5}</UniqueIdentifier>
      <Extensions>h;hpp;hxx;hm;inl</Extensions>
    </Filter>
    <Filter Include="Resource Files">
      <UniqueIdentifier>{1d0039ab-a791-4768-ade5-c647adb14f7f}</UniqueIdentifier>
      <Extensions>ico;cur;bmp;dlg;rc2;rct;bin;cnt;rtf;gif;jpg;jpeg;jpe</Extensions>
    </Filter>
  </ItemGroup>
  <ItemGroup>
    <ClCompile Include="drvr35adm.cpp">
      <Filter>Source Files</Filter>
    </ClCompile>
    <ClCompile Include="odbcsvcdlg.cpp">
      <Filter>Source Files</Filter>
    </ClCompile>
    <ClCompile Include="pagegeneral.cpp">
      <Filter>Source Files</Filter>
    </ClCompile>
    <ClCompile Include="pagelocaltr.cpp">
      <Filter>Source Files</Filter>
    </ClCompile>
    <ClCompile Include="pagenetwork.cpp">
      <Filter>Source Files</Filter>
    </ClCompile>
    <ClCompile Include="pageoptions.cpp">
      <Filter>Source Files</Filter>
    </ClCompile>
    <ClCompile Include="pagetracing.cpp">
      <Filter>Source Files</Filter>
    </ClCompile>
    <ClCompile Include="propsheet.cpp">
      <Filter>Source Files</Filter>
    </ClCompile>
    <ClCompile Include="stdafx.cpp">
      <Filter>Source Files</Filter>
    </ClCompile>
    <ClCompile Include="tabpagegeneral.cpp">
      <Filter>Source Files</Filter>
    </ClCompile>
    <ClCompile Include="tabpagelocaltr.cpp">
      <Filter>Source Files</Filter>
    </ClCompile>
    <ClCompile Include="tabpagenetwork.cpp">
      <Filter>Source Files</Filter>
    </ClCompile>
    <ClCompile Include="tabpageoptions.cpp">
      <Filter>Source Files</Filter>
    </ClCompile>
    <ClCompile Include="tabpagetesting.cpp">
      <Filter>Source Files</Filter>
    </ClCompile>
    <ClCompile Include="tabpagetracing.cpp">
      <Filter>Source Files</Filter>
    </ClCompile>
    <ClCompile Include="testdialog.cpp">
      <Filter>Source Files</Filter>
    </ClCompile>
  </ItemGroup>
  <ItemGroup>
    <None Include="dialog.bmp">
      <Filter>Resource Files</Filter>
    </None>
    <None Include="res\drvr35adm.rc2">
      <Filter>Resource Files</Filter>
    </None>
    <None Include="readme.txt" />
  </ItemGroup>
  <ItemGroup>
    <ResourceCompile Include="drvr35adm.rc">
      <Filter>Source Files</Filter>
    </ResourceCompile>
  </ItemGroup>
  <ItemGroup>
    <ClInclude Include="drvr35adm.h">
      <Filter>Header Files</Filter>
    </ClInclude>
    <ClInclude Include="odbcsvcdlg.h">
      <Filter>Header Files</Filter>
    </ClInclude>
    <ClInclude Include="pagegeneral.h">
      <Filter>Header Files</Filter>
    </ClInclude>
    <ClInclude Include="pagelocaltr.h">
      <Filter>Header Files</Filter>
    </ClInclude>
    <ClInclude Include="pagenetwork.h">
      <Filter>Header Files</Filter>
    </ClInclude>
    <ClInclude Include="pageoptions.h">
      <Filter>Header Files</Filter>
    </ClInclude>
    <ClInclude Include="pagetesting.h">
      <Filter>Header Files</Filter>
    </ClInclude>
    <ClInclude Include="pagetracing.h">
      <Filter>Header Files</Filter>
    </ClInclude>
    <ClInclude Include="propsheet.h">
      <Filter>Header Files</Filter>
    </ClInclude>
    <ClInclude Include="resource.h">
      <Filter>Header Files</Filter>
    </ClInclude>
    <ClInclude Include="stdafx.h">
      <Filter>Header Files</Filter>
    </ClInclude>
    <ClInclude Include="tabpagegeneral.h">
      <Filter>Header Files</Filter>
    </ClInclude>
    <ClInclude Include="tabpagelocaltr.h">
      <Filter>Header Files</Filter>
    </ClInclude>
    <ClInclude Include="tabpagenetwork.h">
      <Filter>Header Files</Filter>
    </ClInclude>
    <ClInclude Include="tabpageoptions.h">
      <Filter>Header Files</Filter>
    </ClInclude>
    <ClInclude Include="tabpagetesting.h">
      <Filter>Header Files</Filter>
    </ClInclude>
    <ClInclude Include="tabpagetracing.h">
      <Filter>Header Files</Filter>
    </ClInclude>
    <ClInclude Include="testdialog.h">
      <Filter>Header Files</Filter>
    </ClInclude>
  </ItemGroup>
  <ItemGroup>
    <CustomBuildStep Include="drvr35adm.def">
      <Filter>Source Files</Filter>
    </CustomBuildStep>
  </ItemGroup>
</Project>